{
  "name": "mobx-state-tree-jsdoc-gen",
  "version": "1.0.0",
  "lockfileVersion": 1,
  "requires": true,
  "dependencies": {
    "@babel/parser": {
      "version": "7.0.0-beta.56",
      "resolved": "https://registry.npmjs.org/@babel/parser/-/parser-7.0.0-beta.56.tgz",
      "integrity": "sha512-JM0ughhbo+sPXw2Z+SUyowfYrAOhjanzjMshcLswBdXVelJCOeEKe/FqMqPWGVPQr7wByongXIn+MKdCpY7DBw=="
    }
  }
}
